
Microsoft Visual Studio Solution File, Format Version 12.00
Project("{FAE04EC0-301F-11D3-BF4B-00C04F79EFBC}") = "PetStore.Data", "PetStore.Data\PetStore.Data.csproj", "{89ED5CDF-6ABB-4889-AA08-0DE8DF8A0D99}"
EndProject
Project("{FAE04EC0-301F-11D3-BF4B-00C04F79EFBC}") = "PetStore.Model", "PetStore.Model\PetStore.Model.csproj", "{2B31911B-91D8-4E4A-A0AE-F2DC581E4546}"
EndProject
Project("{FAE04EC0-301F-11D3-BF4B-00C04F79EFBC}") = "PetStore.Service", "PetStore.Service\PetStore.Service.csproj", "{2A27283B-C716-4116-8EEE-5BF6ACEC16AD}"
EndProject
Project("{FAE04EC0-301F-11D3-BF4B-00C04F79EFBC}") = "PetStore", "PetStore\PetStore.csproj", "{57BE2CE8-7860-4BC6-89F5-7671F809288D}"
EndProject
Global
	GlobalSection(SolutionConfigurationPlatforms) = preSolution
		Debug|Any CPU = Debug|Any CPU
		Release|Any CPU = Release|Any CPU
	EndGlobalSection
	GlobalSection(ProjectConfigurationPlatforms) = postSolution
		{89ED5CDF-6ABB-4889-AA08-0DE8DF8A0D99}.Debug|Any CPU.ActiveCfg = Debug|Any CPU
		{89ED5CDF-6ABB-4889-AA08-0DE8DF8A0D99}.Debug|Any CPU.Build.0 = Debug|Any CPU
		{89ED5CDF-6ABB-4889-AA08-0DE8DF8A0D99}.Release|Any CPU.ActiveCfg = Release|Any CPU
		{89ED5CDF-6ABB-4889-AA08-0DE8DF8A0D99}.Release|Any CPU.Build.0 = Release|Any CPU
		{2B31911B-91D8-4E4A-A0AE-F2DC581E4546}.Debug|Any CPU.ActiveCfg = Debug|Any CPU
		{2B31911B-91D8-4E4A-A0AE-F2DC581E4546}.Debug|Any CPU.Build.0 = Debug|Any CPU
		{2B31911B-91D8-4E4A-A0AE-F2DC581E4546}.Release|Any CPU.ActiveCfg = Release|Any CPU
		{2B31911B-91D8-4E4A-A0AE-F2DC581E4546}.Release|Any CPU.Build.0 = Release|Any CPU
		{2A27283B-C716-4116-8EEE-5BF6ACEC16AD}.Debug|Any CPU.ActiveCfg = Debug|Any CPU
		{2A27283B-C716-4116-8EEE-5BF6ACEC16AD}.Debug|Any CPU.Build.0 = Debug|Any CPU
		{2A27283B-C716-4116-8EEE-5BF6ACEC16AD}.Release|Any CPU.ActiveCfg = Release|Any CPU
		{2A27283B-C716-4116-8EEE-5BF6ACEC16AD}.Release|Any CPU.Build.0 = Release|Any CPU
		{57BE2CE8-7860-4BC6-89F5-7671F809288D}.Debug|Any CPU.ActiveCfg = Debug|Any CPU
		{57BE2CE8-7860-4BC6-89F5-7671F809288D}.Debug|Any CPU.Build.0 = Debug|Any CPU
		{57BE2CE8-7860-4BC6-89F5-7671F809288D}.Release|Any CPU.ActiveCfg = Release|Any CPU
		{57BE2CE8-7860-4BC6-89F5-7671F809288D}.Release|Any CPU.Build.0 = Release|Any CPU
	EndGlobalSection
EndGlobal
